// !$*UTF8*$!
{
	archiveVersion = 1;
	classes = {
	};
	objectVersion = 46;
	objects = {

/* Begin PBXBuildFile section */
		2236D9A01AD215B300C0248A /* AppDelegate.swift in Sources */ = {isa = PBXBuildFile; fileRef = 2236D99F1AD215B300C0248A /* AppDelegate.swift */; };
		2236D9A31AD215B300C0248A /* CalorieAnnihilator.xcdatamodeld in Sources */ = {isa = PBXBuildFile; fileRef = 2236D9A11AD215B300C0248A /* CalorieAnnihilator.xcdatamodeld */; };
		2236D9A51AD215B300C0248A /* ViewController.swift in Sources */ = {isa = PBXBuildFile; fileRef = 2236D9A41AD215B300C0248A /* ViewController.swift */; };
		2236D9A81AD215B300C0248A /* Main.storyboard in Resources */ = {isa = PBXBuildFile; fileRef = 2236D9A61AD215B300C0248A /* Main.storyboard */; };
		2236D9AA1AD215B300C0248A /* Images.xcassets in Resources */ = {isa = PBXBuildFile; fileRef = 2236D9A91AD215B300C0248A /* Images.xcassets */; };
		2236D9AD1AD215B300C0248A /* LaunchScreen.xib in Resources */ = {isa = PBXBuildFile; fileRef = 2236D9AB1AD215B300C0248A /* LaunchScreen.xib */; };
		2236D9B91AD215B300C0248A /* CalorieAnnihilatorTests.swift in Sources */ = {isa = PBXBuildFile; fileRef = 2236D9B81AD215B300C0248A /* CalorieAnnihilatorTests.swift */; };
		228FE7861B82E9F300F8C779 /* WelcomeViewController.swift in Sources */ = {isa = PBXBuildFile; fileRef = 228FE7851B82E9F300F8C779 /* WelcomeViewController.swift */; };
		22EC12381B65C09E001E73B4 /* Food.swift in Sources */ = {isa = PBXBuildFile; fileRef = 22EC12371B65C09E001E73B4 /* Food.swift */; };
/* End PBXBuildFile section */

/* Begin PBXContainerItemProxy section */
		2236D9B31AD215B300C0248A /* PBXContainerItemProxy */ = {
			isa = PBXContainerItemProxy;
			containerPortal = 2236D9921AD215B300C0248A /* Project object */;
			proxyType = 1;
			remoteGlobalIDString = 2236D9991AD215B300C0248A;
			remoteInfo = CalorieAnnihilator;
		};
/* End PBXContainerItemProxy section */

/* Begin PBXFileReference section */
		2236D99A1AD215B300C0248A /* CalorieAnnihilator.app */ = {isa = PBXFileReference; explicitFileType = wrapper.application; includeInIndex = 0; path = CalorieAnnihilator.app; sourceTree = BUILT_PRODUCTS_DIR; };
		2236D99E1AD215B300C0248A /* Info.plist */ = {isa = PBXFileReference; lastKnownFileType = text.plist.xml; path = Info.plist; sourceTree = "<group>"; };
		2236D99F1AD215B300C0248A /* AppDelegate.swift */ = {isa = PBXFileReference; lastKnownFileType = sourcecode.swift; path = AppDelegate.swift; sourceTree = "<group>"; };
		2236D9A21AD215B300C0248A /* CalorieAnnihilator.xcdatamodel */ = {isa = PBXFileReference; lastKnownFileType = wrapper.xcdatamodel; path = CalorieAnnihilator.xcdatamodel; sourceTree = "<group>"; };
		2236D9A41AD215B300C0248A /* ViewController.swift */ = {isa = PBXFileReference; lastKnownFileType = sourcecode.swift; path = ViewController.swift; sourceTree = "<group>"; };
		2236D9A71AD215B300C0248A /* Base */ = {isa = PBXFileReference; lastKnownFileType = file.storyboard; name = Base; path = Base.lproj/Main.storyboard; sourceTree = "<group>"; };
		2236D9A91AD215B300C0248A /* Images.xcassets */ = {isa = PBXFileReference; lastKnownFileType = folder.assetcatalog; path = Images.xcassets; sourceTree = "<group>"; };
		2236D9AC1AD215B300C0248A /* Base */ = {isa = PBXFileReference; lastKnownFileType = file.xib; name = Base; path = Base.lproj/LaunchScreen.xib; sourceTree = "<group>"; };
		2236D9B21AD215B300C0248A /* CalorieAnnihilatorTests.xctest */ = {isa = PBXFileReference; explicitFileType = wrapper.cfbundle; includeInIndex = 0; path = CalorieAnnihilatorTests.xctest; sourceTree = BUILT_PRODUCTS_DIR; };
		2236D9B71AD215B300C0248A /* Info.plist */ = {isa = PBXFileReference; lastKnownFileType = text.plist.xml; path = Info.plist; sourceTree = "<group>"; };
		2236D9B81AD215B300C0248A /* CalorieAnnihilatorTests.swift */ = {isa = PBXFileReference; lastKnownFileType = sourcecode.swift; path = CalorieAnnihilatorTests.swift; sourceTree = "<group>"; };
		228FE7851B82E9F300F8C779 /* WelcomeViewController.swift */ = {isa = PBXFileReference; fileEncoding = 4; lastKnownFileType = sourcecode.swift; path = WelcomeViewController.swift; sourceTree = "<group>"; };
		22EC12371B65C09E001E73B4 /* Food.swift */ = {isa = PBXFileReference; fileEncoding = 4; lastKnownFileType = sourcecode.swift; path = Food.swift; sourceTree = "<group>"; };
/* End PBXFileReference section */

/* Begin PBXFrameworksBuildPhase section */
		2236D9971AD215B300C0248A /* Frameworks */ = {
			isa = PBXFrameworksBuildPhase;
			buildActionMask = 2147483647;
			files = (
			);
			runOnlyForDeploymentPostprocessing = 0;
		};
		2236D9AF1AD215B300C0248A /* Frameworks */ = {
			isa = PBXFrameworksBuildPhase;
			buildActionMask = 2147483647;
			files = (
			);
			runOnlyForDeploymentPostprocessing = 0;
		};
/* End PBXFrameworksBuildPhase section */

/* Begin PBXGroup section */
		2236D9911AD215B300C0248A = {
			isa = PBXGroup;
			children = (
				2236D99C1AD215B300C0248A /* CalorieAnnihilator */,
				2236D9B51AD215B300C0248A /* CalorieAnnihilatorTests */,
				2236D99B1AD215B300C0248A /* Products */,
			);
			sourceTree = "<group>";
		};
		2236D99B1AD215B300C0248A /* Products */ = {
			isa = PBXGroup;
			children = (
				2236D99A1AD215B300C0248A /* CalorieAnnihilator.app */,
				2236D9B21AD215B300C0248A /* CalorieAnnihilatorTests.xctest */,
			);
			name = Products;
			sourceTree = "<group>";
		};
		2236D99C1AD215B300C0248A /* CalorieAnnihilator */ = {
			isa = PBXGroup;
			children = (
				2236D99F1AD215B300C0248A /* AppDelegate.swift */,
				2236D9A41AD215B300C0248A /* ViewController.swift */,
				2236D9A61AD215B300C0248A /* Main.storyboard */,
				2236D9A91AD215B300C0248A /* Images.xcassets */,
				2236D9AB1AD215B300C0248A /* LaunchScreen.xib */,
				2236D9A11AD215B300C0248A /* CalorieAnnihilator.xcdatamodeld */,
				2236D99D1AD215B300C0248A /* Supporting Files */,
				22EC12371B65C09E001E73B4 /* Food.swift */,
				228FE7851B82E9F300F8C779 /* WelcomeViewController.swift */,
			);
			path = CalorieAnnihilator;
			sourceTree = "<group>";
		};
		2236D99D1AD215B300C0248A /* Supporting Files */ = {
			isa = PBXGroup;
			children = (
				2236D99E1AD215B300C0248A /* Info.plist */,
			);
			name = "Supporting Files";
			sourceTree = "<group>";
		};
		2236D9B51AD215B300C0248A /* CalorieAnnihilatorTests */ = {
			isa = PBXGroup;
			children = (
				2236D9B81AD215B300C0248A /* CalorieAnnihilatorTests.swift */,
				2236D9B61AD215B300C0248A /* Supporting Files */,
			);
			path = CalorieAnnihilatorTests;
			sourceTree = "<group>";
		};
		2236D9B61AD215B300C0248A /* Supporting Files */ = {
			isa = PBXGroup;
			children = (
				2236D9B71AD215B300C0248A /* Info.plist */,
			);
			name = "Supporting Files";
			sourceTree = "<group>";
		};
/* End PBXGroup section */

/* Begin PBXNativeTarget section */
		2236D9991AD215B300C0248A /* CalorieAnnihilator */ = {
			isa = PBXNativeTarget;
			buildConfigurationList = 2236D9BC1AD215B300C0248A /* Build configuration list for PBXNativeTarget "CalorieAnnihilator" */;
			buildPhases = (
				2236D9961AD215B300C0248A /* Sources */,
				2236D9971AD215B300C0248A /* Frameworks */,
				2236D9981AD215B300C0248A /* Resources */,
			);
			buildRules = (
			);
			dependencies = (
			);
			name = CalorieAnnihilator;
			productName = CalorieAnnihilator;
			productReference = 2236D99A1AD215B300C0248A /* CalorieAnnihilator.app */;
			productType = "com.apple.product-type.application";
		};
		2236D9B11AD215B300C0248A /* CalorieAnnihilatorTests */ = {
			isa = PBXNativeTarget;
			buildConfigurationList = 2236D9BF1AD215B300C0248A /* Build configuration list for PBXNativeTarget "CalorieAnnihilatorTests" */;
			buildPhases = (
				2236D9AE1AD215B300C0248A /* Sources */,
				2236D9AF1AD215B300C0248A /* Frameworks */,
				2236D9B01AD215B300C0248A /* Resources */,
			);
			buildRules = (
			);
			dependencies = (
				2236D9B41AD215B300C0248A /* PBXTargetDependency */,
			);
			name = CalorieAnnihilatorTests;
			productName = CalorieAnnihilatorTests;
			productReference = 2236D9B21AD215B300C0248A /* CalorieAnnihilatorTests.xctest */;
			productType = "com.apple.product-type.bundle.unit-test";
		};
/* End PBXNativeTarget section */

/* Begin PBXProject section */
		2236D9921AD215B300C0248A /* Project object */ = {
			isa = PBXProject;
			attributes = {
				LastUpgradeCheck = 0620;
				ORGANIZATIONNAME = "Tutor Azadi";
				TargetAttributes = {
					2236D9991AD215B300C0248A = {
						CreatedOnToolsVersion = 6.2;
					};
					2236D9B11AD215B300C0248A = {
						CreatedOnToolsVersion = 6.2;
						TestTargetID = 2236D9991AD215B300C0248A;
					};
				};
			};
			buildConfigurationList = 2236D9951AD215B300C0248A /* Build configuration list for PBXProject "CalorieAnnihilator" */;
			compatibilityVersion = "Xcode 3.2";
			developmentRegion = English;
			hasScannedForEncodings = 0;
			knownRegions = (
				en,
				Base,
			);
			mainGroup = 2236D9911AD215B300C0248A;
			productRefGroup = 2236D99B1AD215B300C0248A /* Products */;
			projectDirPath = "";
			projectRoot = "";
			targets = (
				2236D9991AD215B300C0248A /* CalorieAnnihilator */,
				2236D9B11AD215B300C0248A /* CalorieAnnihilatorTests */,
			);
		};
/* End PBXProject section */

/* Begin PBXResourcesBuildPhase section */
		2236D9981AD215B300C0248A /* Resources */ = {
			isa = PBXResourcesBuildPhase;
			buildActionMask = 2147483647;
			files = (
				2236D9A81AD215B300C0248A /* Main.storyboard in Resources */,
				2236D9AD1AD215B300C0248A /* LaunchScreen.xib in Resources */,
				2236D9AA1AD215B300C0248A /* Images.xcassets in Resources */,
			);
			runOnlyForDeploymentPostprocessing = 0;
		};
		2236D9B01AD215B300C0248A /* Resources */ = {
			isa = PBXResourcesBuildPhase;
			buildActionMask = 2147483647;
			files = (
			);
			runOnlyForDeploymentPostprocessing = 0;
		};
/* End PBXResourcesBuildPhase section */

/* Begin PBXSourcesBuildPhase section */
		2236D9961AD215B300C0248A /* Sources */ = {
			isa = PBXSourcesBuildPhase;
			buildActionMask = 2147483647;
			files = (
				2236D9A51AD215B300C0248A /* ViewController.swift in Sources */,
				228FE7861B82E9F300F8C779 /* WelcomeViewController.swift in Sources */,
				22EC12381B65C09E001E73B4 /* Food.swift in Sources */,
				2236D9A01AD215B300C0248A /* AppDelegate.swift in Sources */,
				2236D9A31AD215B300C0248A /* CalorieAnnihilator.xcdatamodeld in Sources */,
			);
			runOnlyForDeploymentPostprocessing = 0;
		};
		2236D9AE1AD215B300C0248A /* Sources */ = {
			isa = PBXSourcesBuildPhase;
			buildActionMask = 2147483647;
			files = (
				2236D9B91AD215B300C0248A /* CalorieAnnihilatorTests.swift in Sources */,
			);
			runOnlyForDeploymentPostprocessing = 0;
		};
/* End PBXSourcesBuildPhase section */

/* Begin PBXTargetDependency section */
		2236D9B41AD215B300C0248A /* PBXTargetDependency */ = {
			isa = PBXTargetDependency;
			target = 2236D9991AD215B300C0248A /* CalorieAnnihilator */;
			targetProxy = 2236D9B31AD215B300C0248A /* PBXContainerItemProxy */;
		};
/* End PBXTargetDependency section */

/* Begin PBXVariantGroup section */
		2236D9A61AD215B300C0248A /* Main.storyboard */ = {
			isa = PBXVariantGroup;
			children = (
				2236D9A71AD215B300C0248A /* Base */,
			);
			name = Main.storyboard;
			sourceTree = "<group>";
		};
		2236D9AB1AD215B300C0248A /* LaunchScreen.xib */ = {
			isa = PBXVariantGroup;
			children = (
				2236D9AC1AD215B300C0248A /* Base */,
			);
			name = LaunchScreen.xib;
			sourceTree = "<group>";
		};
/* End PBXVariantGroup section */

/* Begin XCBuildConfiguration section */
		2236D9BA1AD215B300C0248A /* Debug */ = {
			isa = XCBuildConfiguration;
			buildSettings = {
				ALWAYS_SEARCH_USER_PATHS = NO;
				CLANG_CXX_LANGUAGE_STANDARD = "gnu++0x";
				CLANG_CXX_LIBRARY = "libc++";
				CLANG_ENABLE_MODULES = YES;
				CLANG_ENABLE_OBJC_ARC = YES;
				CLANG_WARN_BOOL_CONVERSION = YES;
				CLANG_WARN_CONSTANT_CONVERSION = YES;
				CLANG_WARN_DIRECT_OBJC_ISA_USAGE = YES_ERROR;
				CLANG_WARN_EMPTY_BODY = YES;
				CLANG_WARN_ENUM_CONVERSION = YES;
				CLANG_WARN_INT_CONVERSION = YES;
				CLANG_WARN_OBJC_ROOT_CLASS = YES_ERROR;
				CLANG_WARN_UNREACHABLE_CODE = YES;
				CLANG_WARN__DUPLICATE_METHOD_MATCH = YES;
				"CODE_SIGN_IDENTITY[sdk=iphoneos*]" = "iPhone Developer";
				COPY_PHASE_STRIP = NO;
				ENABLE_STRICT_OBJC_MSGSEND = YES;
				GCC_C_LANGUAGE_STANDARD = gnu99;
				GCC_DYNAMIC_NO_PIC = NO;
				GCC_OPTIMIZATION_LEVEL = 0;
				GCC_PREPROCESSOR_DEFINITIONS = (
					"DEBUG=1",
					"$(inherited)",
				);
				GCC_SYMBOLS_PRIVATE_EXTERN = NO;
				GCC_WARN_64_TO_32_BIT_CONVERSION = YES;
				GCC_WARN_ABOUT_RETURN_TYPE = YES_ERROR;
				GCC_WARN_UNDECLARED_SELECTOR = YES;
				GCC_WARN_UNINITIALIZED_AUTOS = YES_AGGRESSIVE;
				GCC_WARN_UNUSED_FUNCTION = YES;
				GCC_WARN_UNUSED_VARIABLE = YES;
				IPHONEOS_DEPLOYMENT_TARGET = 8.2;
				MTL_ENABLE_DEBUG_INFO = YES;
				ONLY_ACTIVE_ARCH = YES;
				SDKROOT = iphoneos;
				SWIFT_OPTIMIZATION_LEVEL = "-Onone";
				TARGETED_DEVICE_FAMILY = "1,2";
			};
			name = Debug;
		};
		2236D9BB1AD215B300C0248A /* Release */ = {
			isa = XCBuildConfiguration;
			buildSettings = {
				ALWAYS_SEARCH_USER_PATHS = NO;
				CLANG_CXX_LANGUAGE_STANDARD = "gnu++0x";
				CLANG_CXX_LIBRARY = "libc++";
				CLANG_ENABLE_MODULES = YES;
				CLANG_ENABLE_OBJC_ARC = YES;
				CLANG_WARN_BOOL_CONVERSION = YES;
				CLANG_WARN_CONSTANT_CONVERSION = YES;
				CLANG_WARN_DIRECT_OBJC_ISA_USAGE = YES_ERROR;
				CLANG_WARN_EMPTY_BODY = YES;
				CLANG_WARN_ENUM_CONVERSION = YES;
				CLANG_WARN_INT_CONVERSION = YES;
				CLANG_WARN_OBJC_ROOT_CLASS = YES_ERROR;
				CLANG_WARN_UNREACHABLE_CODE = YES;
				CLANG_WARN__DUPLICATE_METHOD_MATCH = YES;
				"CODE_SIGN_IDENTITY[sdk=iphoneos*]" = "iPhone Developer";
				COPY_PHASE_STRIP = NO;
				ENABLE_NS_ASSERTIONS = NO;
				ENABLE_STRICT_OBJC_MSGSEND = YES;
				GCC_C_LANGUAGE_STANDARD = gnu99;
				GCC_WARN_64_TO_32_BIT_CONVERSION = YES;
				GCC_WARN_ABOUT_RETURN_TYPE = YES_ERROR;
				GCC_WARN_UNDECLARED_SELECTOR = YES;
				GCC_WARN_UNINITIALIZED_AUTOS = YES_AGGRESSIVE;
				GCC_WARN_UNUSED_FUNCTION = YES;
				GCC_WARN_UNUSED_VARIABLE = YES;
				IPHONEOS_DEPLOYMENT_TARGET = 8.2;
				MTL_ENABLE_DEBUG_INFO = NO;
				SDKROOT = iphoneos;
				TARGETED_DEVICE_FAMILY = "1,2";
				VALIDATE_PRODUCT = YES;
			};
			name = Release;
		};
		2236D9BD1AD215B300C0248A /* Debug */ = {
			isa = XCBuildConfiguration;
			buildSettings = {
				ASSETCATALOG_COMPILER_APPICON_NAME = AppIcon;
				INFOPLIST_FILE = CalorieAnnihilator/Info.plist;
				LD_RUNPATH_SEARCH_PATHS = "$(inherited) @executable_path/Frameworks";
				PRODUCT_NAME = "$(TARGET_NAME)";
				TARGETED_DEVICE_FAMILY = 1;
			};
			name = Debug;
		};
		2236D9BE1AD215B300C0248A /* Release */ = {
			isa = XCBuildConfiguration;
			buildSettings = {
				ASSETCATALOG_COMPILER_APPICON_NAME = AppIcon;
				INFOPLIST_FILE = CalorieAnnihilator/Info.plist;
				LD_RUNPATH_SEARCH_PATHS = "$(inherited) @executable_path/Frameworks";
				PRODUCT_NAME = "$(TARGET_NAME)";
				TARGETED_DEVICE_FAMILY = 1;
			};
			name = Release;
		};
		2236D9C01AD215B300C0248A /* Debug */ = {
			isa = XCBuildConfiguration;
			buildSettings = {
				BUNDLE_LOADER = "$(TEST_HOST)";
				FRAMEWORK_SEARCH_PATHS = (
					"$(SDKROOT)/Developer/Library/Frameworks",
					"$(inherited)",
				);
				GCC_PREPROCESSOR_DEFINITIONS = (
					"DEBUG=1",
					"$(inherited)",
				);
				INFOPLIST_FILE = CalorieAnnihilatorTests/Info.plist;
				LD_RUNPATH_SEARCH_PATHS = "$(inherited) @executable_path/Frameworks @loader_path/Frameworks";
				PRODUCT_NAME = "$(TARGET_NAME)";
				TEST_HOST = "$(BUILT_PRODUCTS_DIR)/CalorieAnnihilator.app/CalorieAnnihilator";
			};
			name = Debug;
		};
		2236D9C11AD215B300C0248A /* Release */ = {
			isa = XCBuildConfiguration;
			buildSettings = {
				BUNDLE_LOADER = "$(TEST_HOST)";
				FRAMEWORK_SEARCH_PATHS = (
					"$(SDKROOT)/Developer/Library/Frameworks",
					"$(inherited)",
				);
				INFOPLIST_FILE = CalorieAnnihilatorTests/Info.plist;
				LD_RUNPATH_SEARCH_PATHS = "$(inherited) @executable_path/Frameworks @loader_path/Frameworks";
				PRODUCT_NAME = "$(TARGET_NAME)";
				TEST_HOST = "$(BUILT_PRODUCTS_DIR)/CalorieAnnihilator.app/CalorieAnnihilator";
			};
			name = Release;
		};
/* End XCBuildConfiguration section */

/* Begin XCConfigurationList section */
		2236D9951AD215B300C0248A /* Build configuration list for PBXProject "CalorieAnnihilator" */ = {
			isa = XCConfigurationList;
			buildConfigurations = (
				2236D9BA1AD215B300C0248A /* Debug */,
				2236D9BB1AD215B300C0248A /* Release */,
			);
			defaultConfigurationIsVisible = 0;
			defaultConfigurationName = Release;
		};
		2236D9BC1AD215B300C0248A /* Build configuration list for PBXNativeTarget "CalorieAnnihilator" */ = {
			isa = XCConfigurationList;
			buildConfigurations = (
				2236D9BD1AD215B300C0248A /* Debug */,
				2236D9BE1AD215B300C0248A /* Release */,
			);
			defaultConfigurationIsVisible = 0;
			defaultConfigurationName = Release;
		};
		2236D9BF1AD215B300C0248A /* Build configuration list for PBXNativeTarget "CalorieAnnihilatorTests" */ = {
			isa = XCConfigurationList;
			buildConfigurations = (
				2236D9C01AD215B300C0248A /* Debug */,
				2236D9C11AD215B300C0248A /* Release */,
			);
			defaultConfigurationIsVisible = 0;
			defaultConfigurationName = Release;
		};
/* End XCConfigurationList section */

/* Begin XCVersionGroup section */
		2236D9A11AD215B300C0248A /* CalorieAnnihilator.xcdatamodeld */ = {
			isa = XCVersionGroup;
			children = (
				2236D9A21AD215B300C0248A /* CalorieAnnihilator.xcdatamodel */,
			);
			currentVersion = 2236D9A21AD215B300C0248A /* CalorieAnnihilator.xcdatamodel */;
			path = CalorieAnnihilator.xcdatamodeld;
			sourceTree = "<group>";
			versionGroupType = wrapper.xcdatamodel;
		};
/* End XCVersionGroup section */
	};
	rootObject = 2236D9921AD215B300C0248A /* Project object */;
}
