// !$*UTF8*$!
{
	archiveVersion = 1;
	classes = {
	};
	objectVersion = 46;
	objects = {

/* Begin PBXBuildFile section */
		221D0CC01A621BEE001492CE /* main.m in Sources */ = {isa = PBXBuildFile; fileRef = 221D0CBF1A621BEE001492CE /* main.m */; };
		221D0CC31A621BEE001492CE /* AppDelegate.m in Sources */ = {isa = PBXBuildFile; fileRef = 221D0CC21A621BEE001492CE /* AppDelegate.m */; };
		221D0CC61A621BEE001492CE /* MainViewController.m in Sources */ = {isa = PBXBuildFile; fileRef = 221D0CC51A621BEE001492CE /* MainViewController.m */; };
		221D0CC91A621BEE001492CE /* Main.storyboard in Resources */ = {isa = PBXBuildFile; fileRef = 221D0CC71A621BEE001492CE /* Main.storyboard */; };
		221D0CCB1A621BEE001492CE /* Images.xcassets in Resources */ = {isa = PBXBuildFile; fileRef = 221D0CCA1A621BEE001492CE /* Images.xcassets */; };
		221D0CCE1A621BEE001492CE /* LaunchScreen.xib in Resources */ = {isa = PBXBuildFile; fileRef = 221D0CCC1A621BEE001492CE /* LaunchScreen.xib */; };
		221D0CDA1A621BEE001492CE /* CalorieAnnihilatorTests.m in Sources */ = {isa = PBXBuildFile; fileRef = 221D0CD91A621BEE001492CE /* CalorieAnnihilatorTests.m */; };
		221D0CE71A621F5A001492CE /* AvoidanceModeViewController.m in Sources */ = {isa = PBXBuildFile; fileRef = 221D0CE61A621F5A001492CE /* AvoidanceModeViewController.m */; };
		221D0CEA1A621FD9001492CE /* BingeModeViewController.m in Sources */ = {isa = PBXBuildFile; fileRef = 221D0CE91A621FD9001492CE /* BingeModeViewController.m */; };
/* End PBXBuildFile section */

/* Begin PBXContainerItemProxy section */
		221D0CD41A621BEE001492CE /* PBXContainerItemProxy */ = {
			isa = PBXContainerItemProxy;
			containerPortal = 221D0CB21A621BEE001492CE /* Project object */;
			proxyType = 1;
			remoteGlobalIDString = 221D0CB91A621BEE001492CE;
			remoteInfo = CalorieAnnihilator;
		};
/* End PBXContainerItemProxy section */

/* Begin PBXFileReference section */
		221D0CBA1A621BEE001492CE /* CalorieAnnihilator.app */ = {isa = PBXFileReference; explicitFileType = wrapper.application; includeInIndex = 0; path = CalorieAnnihilator.app; sourceTree = BUILT_PRODUCTS_DIR; };
		221D0CBE1A621BEE001492CE /* Info.plist */ = {isa = PBXFileReference; lastKnownFileType = text.plist.xml; path = Info.plist; sourceTree = "<group>"; };
		221D0CBF1A621BEE001492CE /* main.m */ = {isa = PBXFileReference; lastKnownFileType = sourcecode.c.objc; path = main.m; sourceTree = "<group>"; };
		221D0CC11A621BEE001492CE /* AppDelegate.h */ = {isa = PBXFileReference; lastKnownFileType = sourcecode.c.h; path = AppDelegate.h; sourceTree = "<group>"; };
		221D0CC21A621BEE001492CE /* AppDelegate.m */ = {isa = PBXFileReference; lastKnownFileType = sourcecode.c.objc; path = AppDelegate.m; sourceTree = "<group>"; };
		221D0CC41A621BEE001492CE /* MainViewController.h */ = {isa = PBXFileReference; lastKnownFileType = sourcecode.c.h; path = MainViewController.h; sourceTree = "<group>"; };
		221D0CC51A621BEE001492CE /* MainViewController.m */ = {isa = PBXFileReference; lastKnownFileType = sourcecode.c.objc; path = MainViewController.m; sourceTree = "<group>"; };
		221D0CC81A621BEE001492CE /* Base */ = {isa = PBXFileReference; lastKnownFileType = file.storyboard; name = Base; path = Base.lproj/Main.storyboard; sourceTree = "<group>"; };
		221D0CCA1A621BEE001492CE /* Images.xcassets */ = {isa = PBXFileReference; lastKnownFileType = folder.assetcatalog; path = Images.xcassets; sourceTree = "<group>"; };
		221D0CCD1A621BEE001492CE /* Base */ = {isa = PBXFileReference; lastKnownFileType = file.xib; name = Base; path = Base.lproj/LaunchScreen.xib; sourceTree = "<group>"; };
		221D0CD31A621BEE001492CE /* CalorieAnnihilatorTests.xctest */ = {isa = PBXFileReference; explicitFileType = wrapper.cfbundle; includeInIndex = 0; path = CalorieAnnihilatorTests.xctest; sourceTree = BUILT_PRODUCTS_DIR; };
		221D0CD81A621BEE001492CE /* Info.plist */ = {isa = PBXFileReference; lastKnownFileType = text.plist.xml; path = Info.plist; sourceTree = "<group>"; };
		221D0CD91A621BEE001492CE /* CalorieAnnihilatorTests.m */ = {isa = PBXFileReference; lastKnownFileType = sourcecode.c.objc; path = CalorieAnnihilatorTests.m; sourceTree = "<group>"; };
		221D0CE61A621F5A001492CE /* AvoidanceModeViewController.m */ = {isa = PBXFileReference; fileEncoding = 4; lastKnownFileType = sourcecode.c.objc; path = AvoidanceModeViewController.m; sourceTree = "<group>"; };
		221D0CE81A621F6B001492CE /* AvoidanceModeViewController.h */ = {isa = PBXFileReference; lastKnownFileType = sourcecode.c.h; path = AvoidanceModeViewController.h; sourceTree = "<group>"; };
		221D0CE91A621FD9001492CE /* BingeModeViewController.m */ = {isa = PBXFileReference; fileEncoding = 4; lastKnownFileType = sourcecode.c.objc; path = BingeModeViewController.m; sourceTree = "<group>"; };
		221D0CEB1A621FE5001492CE /* BingeModeViewController.h */ = {isa = PBXFileReference; lastKnownFileType = sourcecode.c.h; path = BingeModeViewController.h; sourceTree = "<group>"; };
/* End PBXFileReference section */

/* Begin PBXFrameworksBuildPhase section */
		221D0CB71A621BEE001492CE /* Frameworks */ = {
			isa = PBXFrameworksBuildPhase;
			buildActionMask = 2147483647;
			files = (
			);
			runOnlyForDeploymentPostprocessing = 0;
		};
		221D0CD01A621BEE001492CE /* Frameworks */ = {
			isa = PBXFrameworksBuildPhase;
			buildActionMask = 2147483647;
			files = (
			);
			runOnlyForDeploymentPostprocessing = 0;
		};
/* End PBXFrameworksBuildPhase section */

/* Begin PBXGroup section */
		221D0CB11A621BEE001492CE = {
			isa = PBXGroup;
			children = (
				221D0CBC1A621BEE001492CE /* CalorieAnnihilator */,
				221D0CD61A621BEE001492CE /* CalorieAnnihilatorTests */,
				221D0CBB1A621BEE001492CE /* Products */,
			);
			sourceTree = "<group>";
		};
		221D0CBB1A621BEE001492CE /* Products */ = {
			isa = PBXGroup;
			children = (
				221D0CBA1A621BEE001492CE /* CalorieAnnihilator.app */,
				221D0CD31A621BEE001492CE /* CalorieAnnihilatorTests.xctest */,
			);
			name = Products;
			sourceTree = "<group>";
		};
		221D0CBC1A621BEE001492CE /* CalorieAnnihilator */ = {
			isa = PBXGroup;
			children = (
				221D0CC11A621BEE001492CE /* AppDelegate.h */,
				221D0CC21A621BEE001492CE /* AppDelegate.m */,
				221D0CC41A621BEE001492CE /* MainViewController.h */,
				221D0CC51A621BEE001492CE /* MainViewController.m */,
				221D0CC71A621BEE001492CE /* Main.storyboard */,
				221D0CCA1A621BEE001492CE /* Images.xcassets */,
				221D0CCC1A621BEE001492CE /* LaunchScreen.xib */,
				221D0CBD1A621BEE001492CE /* Supporting Files */,
				221D0CE61A621F5A001492CE /* AvoidanceModeViewController.m */,
				221D0CE81A621F6B001492CE /* AvoidanceModeViewController.h */,
				221D0CE91A621FD9001492CE /* BingeModeViewController.m */,
				221D0CEB1A621FE5001492CE /* BingeModeViewController.h */,
			);
			path = CalorieAnnihilator;
			sourceTree = "<group>";
		};
		221D0CBD1A621BEE001492CE /* Supporting Files */ = {
			isa = PBXGroup;
			children = (
				221D0CBE1A621BEE001492CE /* Info.plist */,
				221D0CBF1A621BEE001492CE /* main.m */,
			);
			name = "Supporting Files";
			sourceTree = "<group>";
		};
		221D0CD61A621BEE001492CE /* CalorieAnnihilatorTests */ = {
			isa = PBXGroup;
			children = (
				221D0CD91A621BEE001492CE /* CalorieAnnihilatorTests.m */,
				221D0CD71A621BEE001492CE /* Supporting Files */,
			);
			path = CalorieAnnihilatorTests;
			sourceTree = "<group>";
		};
		221D0CD71A621BEE001492CE /* Supporting Files */ = {
			isa = PBXGroup;
			children = (
				221D0CD81A621BEE001492CE /* Info.plist */,
			);
			name = "Supporting Files";
			sourceTree = "<group>";
		};
/* End PBXGroup section */

/* Begin PBXNativeTarget section */
		221D0CB91A621BEE001492CE /* CalorieAnnihilator */ = {
			isa = PBXNativeTarget;
			buildConfigurationList = 221D0CDD1A621BEE001492CE /* Build configuration list for PBXNativeTarget "CalorieAnnihilator" */;
			buildPhases = (
				221D0CB61A621BEE001492CE /* Sources */,
				221D0CB71A621BEE001492CE /* Frameworks */,
				221D0CB81A621BEE001492CE /* Resources */,
			);
			buildRules = (
			);
			dependencies = (
			);
			name = CalorieAnnihilator;
			productName = CalorieAnnihilator;
			productReference = 221D0CBA1A621BEE001492CE /* CalorieAnnihilator.app */;
			productType = "com.apple.product-type.application";
		};
		221D0CD21A621BEE001492CE /* CalorieAnnihilatorTests */ = {
			isa = PBXNativeTarget;
			buildConfigurationList = 221D0CE01A621BEE001492CE /* Build configuration list for PBXNativeTarget "CalorieAnnihilatorTests" */;
			buildPhases = (
				221D0CCF1A621BEE001492CE /* Sources */,
				221D0CD01A621BEE001492CE /* Frameworks */,
				221D0CD11A621BEE001492CE /* Resources */,
			);
			buildRules = (
			);
			dependencies = (
				221D0CD51A621BEE001492CE /* PBXTargetDependency */,
			);
			name = CalorieAnnihilatorTests;
			productName = CalorieAnnihilatorTests;
			productReference = 221D0CD31A621BEE001492CE /* CalorieAnnihilatorTests.xctest */;
			productType = "com.apple.product-type.bundle.unit-test";
		};
/* End PBXNativeTarget section */

/* Begin PBXProject section */
		221D0CB21A621BEE001492CE /* Project object */ = {
			isa = PBXProject;
			attributes = {
				LastUpgradeCheck = 0610;
				ORGANIZATIONNAME = "Tutor Azadi";
				TargetAttributes = {
					221D0CB91A621BEE001492CE = {
						CreatedOnToolsVersion = 6.1.1;
						DevelopmentTeam = 4U63F6LFTU;
					};
					221D0CD21A621BEE001492CE = {
						CreatedOnToolsVersion = 6.1.1;
						DevelopmentTeam = 4U63F6LFTU;
						TestTargetID = 221D0CB91A621BEE001492CE;
					};
				};
			};
			buildConfigurationList = 221D0CB51A621BEE001492CE /* Build configuration list for PBXProject "CalorieAnnihilator" */;
			compatibilityVersion = "Xcode 3.2";
			developmentRegion = English;
			hasScannedForEncodings = 0;
			knownRegions = (
				en,
				Base,
			);
			mainGroup = 221D0CB11A621BEE001492CE;
			productRefGroup = 221D0CBB1A621BEE001492CE /* Products */;
			projectDirPath = "";
			projectRoot = "";
			targets = (
				221D0CB91A621BEE001492CE /* CalorieAnnihilator */,
				221D0CD21A621BEE001492CE /* CalorieAnnihilatorTests */,
			);
		};
/* End PBXProject section */

/* Begin PBXResourcesBuildPhase section */
		221D0CB81A621BEE001492CE /* Resources */ = {
			isa = PBXResourcesBuildPhase;
			buildActionMask = 2147483647;
			files = (
				221D0CC91A621BEE001492CE /* Main.storyboard in Resources */,
				221D0CCE1A621BEE001492CE /* LaunchScreen.xib in Resources */,
				221D0CCB1A621BEE001492CE /* Images.xcassets in Resources */,
			);
			runOnlyForDeploymentPostprocessing = 0;
		};
		221D0CD11A621BEE001492CE /* Resources */ = {
			isa = PBXResourcesBuildPhase;
			buildActionMask = 2147483647;
			files = (
			);
			runOnlyForDeploymentPostprocessing = 0;
		};
/* End PBXResourcesBuildPhase section */

/* Begin PBXSourcesBuildPhase section */
		221D0CB61A621BEE001492CE /* Sources */ = {
			isa = PBXSourcesBuildPhase;
			buildActionMask = 2147483647;
			files = (
				221D0CC61A621BEE001492CE /* MainViewController.m in Sources */,
				221D0CEA1A621FD9001492CE /* BingeModeViewController.m in Sources */,
				221D0CC31A621BEE001492CE /* AppDelegate.m in Sources */,
				221D0CE71A621F5A001492CE /* AvoidanceModeViewController.m in Sources */,
				221D0CC01A621BEE001492CE /* main.m in Sources */,
			);
			runOnlyForDeploymentPostprocessing = 0;
		};
		221D0CCF1A621BEE001492CE /* Sources */ = {
			isa = PBXSourcesBuildPhase;
			buildActionMask = 2147483647;
			files = (
				221D0CDA1A621BEE001492CE /* CalorieAnnihilatorTests.m in Sources */,
			);
			runOnlyForDeploymentPostprocessing = 0;
		};
/* End PBXSourcesBuildPhase section */

/* Begin PBXTargetDependency section */
		221D0CD51A621BEE001492CE /* PBXTargetDependency */ = {
			isa = PBXTargetDependency;
			target = 221D0CB91A621BEE001492CE /* CalorieAnnihilator */;
			targetProxy = 221D0CD41A621BEE001492CE /* PBXContainerItemProxy */;
		};
/* End PBXTargetDependency section */

/* Begin PBXVariantGroup section */
		221D0CC71A621BEE001492CE /* Main.storyboard */ = {
			isa = PBXVariantGroup;
			children = (
				221D0CC81A621BEE001492CE /* Base */,
			);
			name = Main.storyboard;
			sourceTree = "<group>";
		};
		221D0CCC1A621BEE001492CE /* LaunchScreen.xib */ = {
			isa = PBXVariantGroup;
			children = (
				221D0CCD1A621BEE001492CE /* Base */,
			);
			name = LaunchScreen.xib;
			sourceTree = "<group>";
		};
/* End PBXVariantGroup section */

/* Begin XCBuildConfiguration section */
		221D0CDB1A621BEE001492CE /* Debug */ = {
			isa = XCBuildConfiguration;
			buildSettings = {
				ALWAYS_SEARCH_USER_PATHS = NO;
				CLANG_CXX_LANGUAGE_STANDARD = "gnu++0x";
				CLANG_CXX_LIBRARY = "libc++";
				CLANG_ENABLE_MODULES = YES;
				CLANG_ENABLE_OBJC_ARC = YES;
				CLANG_WARN_BOOL_CONVERSION = YES;
				CLANG_WARN_CONSTANT_CONVERSION = YES;
				CLANG_WARN_DIRECT_OBJC_ISA_USAGE = YES_ERROR;
				CLANG_WARN_EMPTY_BODY = YES;
				CLANG_WARN_ENUM_CONVERSION = YES;
				CLANG_WARN_INT_CONVERSION = YES;
				CLANG_WARN_OBJC_ROOT_CLASS = YES_ERROR;
				CLANG_WARN_UNREACHABLE_CODE = YES;
				CLANG_WARN__DUPLICATE_METHOD_MATCH = YES;
				"CODE_SIGN_IDENTITY[sdk=iphoneos*]" = "iPhone Developer";
				COPY_PHASE_STRIP = NO;
				ENABLE_STRICT_OBJC_MSGSEND = YES;
				GCC_C_LANGUAGE_STANDARD = gnu99;
				GCC_DYNAMIC_NO_PIC = NO;
				GCC_OPTIMIZATION_LEVEL = 0;
				GCC_PREPROCESSOR_DEFINITIONS = (
					"DEBUG=1",
					"$(inherited)",
				);
				GCC_SYMBOLS_PRIVATE_EXTERN = NO;
				GCC_WARN_64_TO_32_BIT_CONVERSION = YES;
				GCC_WARN_ABOUT_RETURN_TYPE = YES_ERROR;
				GCC_WARN_UNDECLARED_SELECTOR = YES;
				GCC_WARN_UNINITIALIZED_AUTOS = YES_AGGRESSIVE;
				GCC_WARN_UNUSED_FUNCTION = YES;
				GCC_WARN_UNUSED_VARIABLE = YES;
				IPHONEOS_DEPLOYMENT_TARGET = 8.1;
				MTL_ENABLE_DEBUG_INFO = YES;
				ONLY_ACTIVE_ARCH = YES;
				SDKROOT = iphoneos;
				TARGETED_DEVICE_FAMILY = 2;
			};
			name = Debug;
		};
		221D0CDC1A621BEE001492CE /* Release */ = {
			isa = XCBuildConfiguration;
			buildSettings = {
				ALWAYS_SEARCH_USER_PATHS = NO;
				CLANG_CXX_LANGUAGE_STANDARD = "gnu++0x";
				CLANG_CXX_LIBRARY = "libc++";
				CLANG_ENABLE_MODULES = YES;
				CLANG_ENABLE_OBJC_ARC = YES;
				CLANG_WARN_BOOL_CONVERSION = YES;
				CLANG_WARN_CONSTANT_CONVERSION = YES;
				CLANG_WARN_DIRECT_OBJC_ISA_USAGE = YES_ERROR;
				CLANG_WARN_EMPTY_BODY = YES;
				CLANG_WARN_ENUM_CONVERSION = YES;
				CLANG_WARN_INT_CONVERSION = YES;
				CLANG_WARN_OBJC_ROOT_CLASS = YES_ERROR;
				CLANG_WARN_UNREACHABLE_CODE = YES;
				CLANG_WARN__DUPLICATE_METHOD_MATCH = YES;
				"CODE_SIGN_IDENTITY[sdk=iphoneos*]" = "iPhone Developer";
				COPY_PHASE_STRIP = YES;
				ENABLE_NS_ASSERTIONS = NO;
				ENABLE_STRICT_OBJC_MSGSEND = YES;
				GCC_C_LANGUAGE_STANDARD = gnu99;
				GCC_WARN_64_TO_32_BIT_CONVERSION = YES;
				GCC_WARN_ABOUT_RETURN_TYPE = YES_ERROR;
				GCC_WARN_UNDECLARED_SELECTOR = YES;
				GCC_WARN_UNINITIALIZED_AUTOS = YES_AGGRESSIVE;
				GCC_WARN_UNUSED_FUNCTION = YES;
				GCC_WARN_UNUSED_VARIABLE = YES;
				IPHONEOS_DEPLOYMENT_TARGET = 8.1;
				MTL_ENABLE_DEBUG_INFO = NO;
				SDKROOT = iphoneos;
				TARGETED_DEVICE_FAMILY = 2;
				VALIDATE_PRODUCT = YES;
			};
			name = Release;
		};
		221D0CDE1A621BEE001492CE /* Debug */ = {
			isa = XCBuildConfiguration;
			buildSettings = {
				ASSETCATALOG_COMPILER_APPICON_NAME = AppIcon;
				INFOPLIST_FILE = CalorieAnnihilator/Info.plist;
				LD_RUNPATH_SEARCH_PATHS = "$(inherited) @executable_path/Frameworks";
				PRODUCT_NAME = "$(TARGET_NAME)";
			};
			name = Debug;
		};
		221D0CDF1A621BEE001492CE /* Release */ = {
			isa = XCBuildConfiguration;
			buildSettings = {
				ASSETCATALOG_COMPILER_APPICON_NAME = AppIcon;
				INFOPLIST_FILE = CalorieAnnihilator/Info.plist;
				LD_RUNPATH_SEARCH_PATHS = "$(inherited) @executable_path/Frameworks";
				PRODUCT_NAME = "$(TARGET_NAME)";
			};
			name = Release;
		};
		221D0CE11A621BEE001492CE /* Debug */ = {
			isa = XCBuildConfiguration;
			buildSettings = {
				BUNDLE_LOADER = "$(TEST_HOST)";
				CODE_SIGN_IDENTITY = "iPhone Developer";
				"CODE_SIGN_IDENTITY[sdk=iphoneos*]" = "iPhone Developer";
				FRAMEWORK_SEARCH_PATHS = (
					"$(SDKROOT)/Developer/Library/Frameworks",
					"$(inherited)",
				);
				GCC_PREPROCESSOR_DEFINITIONS = (
					"DEBUG=1",
					"$(inherited)",
				);
				INFOPLIST_FILE = CalorieAnnihilatorTests/Info.plist;
				LD_RUNPATH_SEARCH_PATHS = "$(inherited) @executable_path/Frameworks @loader_path/Frameworks";
				PRODUCT_NAME = "$(TARGET_NAME)";
				PROVISIONING_PROFILE = "";
				TEST_HOST = "$(BUILT_PRODUCTS_DIR)/CalorieAnnihilator.app/CalorieAnnihilator";
			};
			name = Debug;
		};
		221D0CE21A621BEE001492CE /* Release */ = {
			isa = XCBuildConfiguration;
			buildSettings = {
				BUNDLE_LOADER = "$(TEST_HOST)";
				CODE_SIGN_IDENTITY = "iPhone Developer";
				"CODE_SIGN_IDENTITY[sdk=iphoneos*]" = "iPhone Developer";
				FRAMEWORK_SEARCH_PATHS = (
					"$(SDKROOT)/Developer/Library/Frameworks",
					"$(inherited)",
				);
				INFOPLIST_FILE = CalorieAnnihilatorTests/Info.plist;
				LD_RUNPATH_SEARCH_PATHS = "$(inherited) @executable_path/Frameworks @loader_path/Frameworks";
				PRODUCT_NAME = "$(TARGET_NAME)";
				PROVISIONING_PROFILE = "";
				TEST_HOST = "$(BUILT_PRODUCTS_DIR)/CalorieAnnihilator.app/CalorieAnnihilator";
			};
			name = Release;
		};
/* End XCBuildConfiguration section */

/* Begin XCConfigurationList section */
		221D0CB51A621BEE001492CE /* Build configuration list for PBXProject "CalorieAnnihilator" */ = {
			isa = XCConfigurationList;
			buildConfigurations = (
				221D0CDB1A621BEE001492CE /* Debug */,
				221D0CDC1A621BEE001492CE /* Release */,
			);
			defaultConfigurationIsVisible = 0;
			defaultConfigurationName = Release;
		};
		221D0CDD1A621BEE001492CE /* Build configuration list for PBXNativeTarget "CalorieAnnihilator" */ = {
			isa = XCConfigurationList;
			buildConfigurations = (
				221D0CDE1A621BEE001492CE /* Debug */,
				221D0CDF1A621BEE001492CE /* Release */,
			);
			defaultConfigurationIsVisible = 0;
		};
		221D0CE01A621BEE001492CE /* Build configuration list for PBXNativeTarget "CalorieAnnihilatorTests" */ = {
			isa = XCConfigurationList;
			buildConfigurations = (
				221D0CE11A621BEE001492CE /* Debug */,
				221D0CE21A621BEE001492CE /* Release */,
			);
			defaultConfigurationIsVisible = 0;
		};
/* End XCConfigurationList section */
	};
	rootObject = 221D0CB21A621BEE001492CE /* Project object */;
}
